{
  "name": "s23-wildfire-wizards",
  "lockfileVersion": 2,
  "requires": true,
  "packages": {
    "": {
      "devDependencies": {
        "cy-verify-downloads": "^0.1.12"
      }
    },
    "node_modules/cy-verify-downloads": {
      "version": "0.1.12",
      "resolved": "https://registry.npmjs.org/cy-verify-downloads/-/cy-verify-downloads-0.1.12.tgz",
      "integrity": "sha512-vfBmWUi7gaeVkeezC4o8sqUvIZaZktEpQ2NtehOr0jCp8hopKkl4fSq4snhBKYDnzIO3LSJ1DpIzcVCib4q6vw==",
      "dev": true
    }
  },
  "dependencies": {
    "cy-verify-downloads": {
      "version": "0.1.12",
      "resolved": "https://registry.npmjs.org/cy-verify-downloads/-/cy-verify-downloads-0.1.12.tgz",
      "integrity": "sha512-vfBmWUi7gaeVkeezC4o8sqUvIZaZktEpQ2NtehOr0jCp8hopKkl4fSq4snhBKYDnzIO3LSJ1DpIzcVCib4q6vw==",
      "dev": true
    }
  }
}
